Microsoft Visual Studio Solution File, Format Version 12.00
# Visual Studio Version 17
VisualStudioVersion = 17.5.2.0
MinimumVisualStudioVersion = 10.0.40219.1
Project("{FAE04EC0-301F-11D3-BF4B-00C04F79EFBC}") = "Hangfire.Community.Dashboard.Forms", "Hangfire.Community.Dashboard.Forms.csproj", "{6587A650-0E23-0DA3-29C3-12B9210F4AEF}"
EndProject
Global
	GlobalSection(SolutionConfigurationPlatforms) = preSolution
		Debug|Any CPU = Debug|Any CPU
		Release|Any CPU = Release|Any CPU
	EndGlobalSection
	GlobalSection(ProjectConfigurationPlatforms) = postSolution
		{6587A650-0E23-0DA3-29C3-12B9210F4AEF}.Debug|Any CPU.ActiveCfg = Debug|Any CPU
		{6587A650-0E23-0DA3-29C3-12B9210F4AEF}.Debug|Any CPU.Build.0 = Debug|Any CPU
		{6587A650-0E23-0DA3-29C3-12B9210F4AEF}.Release|Any CPU.ActiveCfg = Release|Any CPU
		{6587A650-0E23-0DA3-29C3-12B9210F4AEF}.Release|Any CPU.Build.0 = Release|Any CPU
	EndGlobalSection
	GlobalSection(SolutionProperties) = preSolution
		HideSolutionNode = FALSE
	EndGlobalSection
	GlobalSection(ExtensibilityGlobals) = postSolution
		SolutionGuid = {9A8210A2-2047-4DE9-84C2-425F0B69700B}
	EndGlobalSection
EndGlobal
